
Microsoft Visual Studio Solution File, Format Version 12.00
# Visual Studio Version 16
VisualStudioVersion = 16.0.30717.126
MinimumVisualStudioVersion = 10.0.40219.1
Project("{F184B08F-C81C-45F6-A57F-5ABD9991F28F}") = "UnitedKingdom", "UnitedKingdom.vbproj", "{6CAFC34B-DE94-41F5-892D-023F08571168}"
EndProject
Global
	GlobalSection(SolutionConfigurationPlatforms) = preSolution
		Debug|Any CPU = Debug|Any CPU
		Release|Any CPU = Release|Any CPU
	EndGlobalSection
	GlobalSection(ProjectConfigurationPlatforms) = postSolution
		{6CAFC34B-DE94-41F5-892D-023F08571168}.Debug|Any CPU.ActiveCfg = Debug|Any CPU
		{6CAFC34B-DE94-41F5-892D-023F08571168}.Debug|Any CPU.Build.0 = Debug|Any CPU
		{6CAFC34B-DE94-41F5-892D-023F08571168}.Release|Any CPU.ActiveCfg = Release|Any CPU
		{6CAFC34B-DE94-41F5-892D-023F08571168}.Release|Any CPU.Build.0 = Release|Any CPU
	EndGlobalSection
	GlobalSection(SolutionProperties) = preSolution
		HideSolutionNode = FALSE
	EndGlobalSection
	GlobalSection(ExtensibilityGlobals) = postSolution
		SolutionGuid = {56DB433E-00BE-48A9-A568-493564956ECB}
	EndGlobalSection
EndGlobal
